{
  "lockfileVersion": 3,
  "name": "quant-master-v2",
  "version": "1.0.0",
  "requires": true,
  "packages": {
    "": {
      "name": "quant-master-v2",
      "version": "1.0.0",
      "private": false,
      "dependencies": {
        "concurrently": "^7.6.0",
        "gh-pages": "^5.0.0"
      }
    }
  }
}
